
Microsoft Visual Studio Solution File, Format Version 12.00
# Visual Studio Version 16
VisualStudioVersion = 16.0.33130.400
MinimumVisualStudioVersion = 10.0.40219.1
Project("{FAE04EC0-301F-11D3-BF4B-00C04F79EFBC}") = "ConsoleApp1", "ConsoleApp1.csproj", "{93E3778E-23E1-43C1-80E5-098CF14A9FC8}"
EndProject
Global
	GlobalSection(SolutionConfigurationPlatforms) = preSolution
		Debug|Any CPU = Debug|Any CPU
		Release|Any CPU = Release|Any CPU
	EndGlobalSection
	GlobalSection(ProjectConfigurationPlatforms) = postSolution
		{93E3778E-23E1-43C1-80E5-098CF14A9FC8}.Debug|Any CPU.ActiveCfg = Debug|Any CPU
		{93E3778E-23E1-43C1-80E5-098CF14A9FC8}.Debug|Any CPU.Build.0 = Debug|Any CPU
		{93E3778E-23E1-43C1-80E5-098CF14A9FC8}.Release|Any CPU.ActiveCfg = Release|Any CPU
		{93E3778E-23E1-43C1-80E5-098CF14A9FC8}.Release|Any CPU.Build.0 = Release|Any CPU
	EndGlobalSection
	GlobalSection(SolutionProperties) = preSolution
		HideSolutionNode = FALSE
	EndGlobalSection
	GlobalSection(ExtensibilityGlobals) = postSolution
		SolutionGuid = {5396EE0E-C9FE-46FF-816A-E1B2408D7527}
	EndGlobalSection
EndGlobal
